
Microsoft Visual Studio Solution File, Format Version 12.00
# Visual Studio Version 17
VisualStudioVersion = 17.10.35122.118
MinimumVisualStudioVersion = 10.0.40219.1
Project("{2150E333-8FDC-42A3-9474-1A3956D46DE8}") = "Solution Items", "Solution Items", "{CA691D8E-6BC7-4DF8-8EA3-FA832FE874ED}"
	ProjectSection(SolutionItems) = preProject
		bicep-script\main.bicep = bicep-script\main.bicep
		README.md = README.md
		common-resources\statestore.yaml = common-resources\statestore.yaml
	EndProjectSection
EndProject
Project("{9A19103F-16F7-4668-BE54-9A1E7A4F7556}") = "DaprWebApi", "DaprWebApi\DaprWebApi.csproj", "{7DA4668F-44C3-4413-BE63-7DFFE037B7BA}"
EndProject
Project("{9A19103F-16F7-4668-BE54-9A1E7A4F7556}") = "EchoWebApi", "EchoWebApi\EchoWebApi.csproj", "{C4E10796-B1B5-4E81-A055-01DA9C4BE33F}"
EndProject
Project("{9A19103F-16F7-4668-BE54-9A1E7A4F7556}") = "JobWorker", "JobWorker\JobWorker.csproj", "{D0801955-6762-4C82-B39C-E713A49CBCB9}"
EndProject
Project("{FAE04EC0-301F-11D3-BF4B-00C04F79EFBC}") = "ActorService", "ActorService\ActorService.csproj", "{3BC6327E-269B-4BE6-9AEB-0018B02146AF}"
EndProject
Project("{FAE04EC0-301F-11D3-BF4B-00C04F79EFBC}") = "ActorInterfaces", "ActorInterfaces\ActorInterfaces.csproj", "{140C84C0-845C-4B1D-B145-6FD0D3CAF3BE}"
EndProject
Global
	GlobalSection(SolutionConfigurationPlatforms) = preSolution
		Debug|Any CPU = Debug|Any CPU
		Release|Any CPU = Release|Any CPU
	EndGlobalSection
	GlobalSection(ProjectConfigurationPlatforms) = postSolution
		{7DA4668F-44C3-4413-BE63-7DFFE037B7BA}.Debug|Any CPU.ActiveCfg = Debug|Any CPU
		{7DA4668F-44C3-4413-BE63-7DFFE037B7BA}.Debug|Any CPU.Build.0 = Debug|Any CPU
		{7DA4668F-44C3-4413-BE63-7DFFE037B7BA}.Release|Any CPU.ActiveCfg = Release|Any CPU
		{7DA4668F-44C3-4413-BE63-7DFFE037B7BA}.Release|Any CPU.Build.0 = Release|Any CPU
		{C4E10796-B1B5-4E81-A055-01DA9C4BE33F}.Debug|Any CPU.ActiveCfg = Debug|Any CPU
		{C4E10796-B1B5-4E81-A055-01DA9C4BE33F}.Debug|Any CPU.Build.0 = Debug|Any CPU
		{C4E10796-B1B5-4E81-A055-01DA9C4BE33F}.Release|Any CPU.ActiveCfg = Release|Any CPU
		{C4E10796-B1B5-4E81-A055-01DA9C4BE33F}.Release|Any CPU.Build.0 = Release|Any CPU
		{D0801955-6762-4C82-B39C-E713A49CBCB9}.Debug|Any CPU.ActiveCfg = Debug|Any CPU
		{D0801955-6762-4C82-B39C-E713A49CBCB9}.Debug|Any CPU.Build.0 = Debug|Any CPU
		{D0801955-6762-4C82-B39C-E713A49CBCB9}.Release|Any CPU.ActiveCfg = Release|Any CPU
		{D0801955-6762-4C82-B39C-E713A49CBCB9}.Release|Any CPU.Build.0 = Release|Any CPU
		{D1786E2B-CAA0-4B2D-A974-9845EB9E420F}.Debug|Any CPU.ActiveCfg = Debug
		{D1786E2B-CAA0-4B2D-A974-9845EB9E420F}.Debug|Any CPU.Build.0 = Debug
		{D1786E2B-CAA0-4B2D-A974-9845EB9E420F}.Release|Any CPU.ActiveCfg = Release
		{D1786E2B-CAA0-4B2D-A974-9845EB9E420F}.Release|Any CPU.Build.0 = Release
		{3BC6327E-269B-4BE6-9AEB-0018B02146AF}.Debug|Any CPU.ActiveCfg = Debug|Any CPU
		{3BC6327E-269B-4BE6-9AEB-0018B02146AF}.Debug|Any CPU.Build.0 = Debug|Any CPU
		{3BC6327E-269B-4BE6-9AEB-0018B02146AF}.Release|Any CPU.ActiveCfg = Release|Any CPU
		{3BC6327E-269B-4BE6-9AEB-0018B02146AF}.Release|Any CPU.Build.0 = Release|Any CPU
		{140C84C0-845C-4B1D-B145-6FD0D3CAF3BE}.Debug|Any CPU.ActiveCfg = Debug|Any CPU
		{140C84C0-845C-4B1D-B145-6FD0D3CAF3BE}.Debug|Any CPU.Build.0 = Debug|Any CPU
		{140C84C0-845C-4B1D-B145-6FD0D3CAF3BE}.Release|Any CPU.ActiveCfg = Release|Any CPU
		{140C84C0-845C-4B1D-B145-6FD0D3CAF3BE}.Release|Any CPU.Build.0 = Release|Any CPU
	EndGlobalSection
	GlobalSection(SolutionProperties) = preSolution
		HideSolutionNode = FALSE
	EndGlobalSection
	GlobalSection(ExtensibilityGlobals) = postSolution
		SolutionGuid = {D75415BF-AD8F-48CF-B647-BD20DD515460}
	EndGlobalSection
EndGlobal
